// !$*UTF8*$!
{
	archiveVersion = 1;
	classes = {
	};
	objectVersion = 51;
	objects = {

/* Begin PBXBuildFile section */
		8F06121423C4D61B00C44843 /* AppDelegate.swift in Sources */ = {isa = PBXBuildFile; fileRef = 8F06121323C4D61B00C44843 /* AppDelegate.swift */; };
		8F06121623C4D61B00C44843 /* SceneDelegate.swift in Sources */ = {isa = PBXBuildFile; fileRef = 8F06121523C4D61B00C44843 /* SceneDelegate.swift */; };
		8F06121823C4D61B00C44843 /* LandingViewController.swift in Sources */ = {isa = PBXBuildFile; fileRef = 8F06121723C4D61B00C44843 /* LandingViewController.swift */; };
		8F06121B23C4D61B00C44843 /* Main.storyboard in Resources */ = {isa = PBXBuildFile; fileRef = 8F06121923C4D61B00C44843 /* Main.storyboard */; };
		8F06121D23C4D61C00C44843 /* Assets.xcassets in Resources */ = {isa = PBXBuildFile; fileRef = 8F06121C23C4D61C00C44843 /* Assets.xcassets */; };
		8F06122023C4D61C00C44843 /* LaunchScreen.storyboard in Resources */ = {isa = PBXBuildFile; fileRef = 8F06121E23C4D61C00C44843 /* LaunchScreen.storyboard */; };
		8F06122B23C4D61C00C44843 /* RentalHubTests.swift in Sources */ = {isa = PBXBuildFile; fileRef = 8F06122A23C4D61C00C44843 /* RentalHubTests.swift */; };
		8F06123623C4D67400C44843 /* GoogleService-Info.plist in Resources */ = {isa = PBXBuildFile; fileRef = 8F06123523C4D67400C44843 /* GoogleService-Info.plist */; };
		8F06123723C4D67400C44843 /* GoogleService-Info.plist in Resources */ = {isa = PBXBuildFile; fileRef = 8F06123523C4D67400C44843 /* GoogleService-Info.plist */; };
		8F32787F2424FC0C0002318C /* DocumentsViewController.swift in Sources */ = {isa = PBXBuildFile; fileRef = 8F32787E2424FC0C0002318C /* DocumentsViewController.swift */; };
		8F327884242510A00002318C /* Report.swift in Sources */ = {isa = PBXBuildFile; fileRef = 8F327883242510A00002318C /* Report.swift */; };
		8F3722A824623E5100E26DAF /* FullDocumentViewController.swift in Sources */ = {isa = PBXBuildFile; fileRef = 8F3722A724623E5100E26DAF /* FullDocumentViewController.swift */; };
		8F3722AA2468F29800E26DAF /* SignedDocumentViewController.swift in Sources */ = {isa = PBXBuildFile; fileRef = 8F3722A92468F29800E26DAF /* SignedDocumentViewController.swift */; };
		8F37A78E24041864007EFA33 /* Utilities.swift in Sources */ = {isa = PBXBuildFile; fileRef = 8F37A78D24041864007EFA33 /* Utilities.swift */; };
		8F37C5AC24069A22006FAAEA /* ReportViewController.swift in Sources */ = {isa = PBXBuildFile; fileRef = 8F37C5AB24069A22006FAAEA /* ReportViewController.swift */; };
		8F5E509024474D9E001AFAE1 /* Property.swift in Sources */ = {isa = PBXBuildFile; fileRef = 8F5E508F24474D9E001AFAE1 /* Property.swift */; };
		8F5E50922447538D001AFAE1 /* ReportCell.swift in Sources */ = {isa = PBXBuildFile; fileRef = 8F5E50912447538D001AFAE1 /* ReportCell.swift */; };
		8F5E50942449D63E001AFAE1 /* CreatePropertyViewController.swift in Sources */ = {isa = PBXBuildFile; fileRef = 8F5E50932449D63E001AFAE1 /* CreatePropertyViewController.swift */; };
		8F5E5096244BB375001AFAE1 /* UpdatePasswordViewController.swift in Sources */ = {isa = PBXBuildFile; fileRef = 8F5E5095244BB375001AFAE1 /* UpdatePasswordViewController.swift */; };
		8F5E5098244CE304001AFAE1 /* FullPropertyViewController.swift in Sources */ = {isa = PBXBuildFile; fileRef = 8F5E5097244CE304001AFAE1 /* FullPropertyViewController.swift */; };
		8F5E509A244CF0C6001AFAE1 /* Request.swift in Sources */ = {isa = PBXBuildFile; fileRef = 8F5E5099244CF0C6001AFAE1 /* Request.swift */; };
		8F6E81772404276F002D93AE /* Constants.swift in Sources */ = {isa = PBXBuildFile; fileRef = 8F6E81762404276F002D93AE /* Constants.swift */; };
		8F9C4D72243270CB00481C2B /* AccountViewController.swift in Sources */ = {isa = PBXBuildFile; fileRef = 8F9C4D71243270CB00481C2B /* AccountViewController.swift */; };
		8F9C4D742432BEB800481C2B /* PropertyViewController.swift in Sources */ = {isa = PBXBuildFile; fileRef = 8F9C4D732432BEB800481C2B /* PropertyViewController.swift */; };
		8F9D18AB23FBFB850071FC15 /* SignUpViewController.swift in Sources */ = {isa = PBXBuildFile; fileRef = 8F9D18AA23FBFB850071FC15 /* SignUpViewController.swift */; };
		8F9D18AD23FBFB900071FC15 /* LoginViewController.swift in Sources */ = {isa = PBXBuildFile; fileRef = 8F9D18AC23FBFB900071FC15 /* LoginViewController.swift */; };
		8F9D18AF23FBFB9C0071FC15 /* HomeViewController.swift in Sources */ = {isa = PBXBuildFile; fileRef = 8F9D18AE23FBFB9C0071FC15 /* HomeViewController.swift */; };
		8FBAA42E245B28D400B68373 /* RequestViewController.swift in Sources */ = {isa = PBXBuildFile; fileRef = 8FBAA42D245B28D400B68373 /* RequestViewController.swift */; };
		8FBAA430245DC78200B68373 /* Tenant.swift in Sources */ = {isa = PBXBuildFile; fileRef = 8FBAA42F245DC78200B68373 /* Tenant.swift */; };
		8FBAA432245F81DB00B68373 /* AddDocumentViewController.swift in Sources */ = {isa = PBXBuildFile; fileRef = 8FBAA431245F81DB00B68373 /* AddDocumentViewController.swift */; };
		8FBAA43424608B2700B68373 /* Document.swift in Sources */ = {isa = PBXBuildFile; fileRef = 8FBAA43324608B2700B68373 /* Document.swift */; };
		8FBAA4362460C07F00B68373 /* ViewDocumentViewController.swift in Sources */ = {isa = PBXBuildFile; fileRef = 8FBAA4352460C07F00B68373 /* ViewDocumentViewController.swift */; };
		8FC4B82A242944F50055E13B /* FullReportViewController.swift in Sources */ = {isa = PBXBuildFile; fileRef = 8FC4B829242944F50055E13B /* FullReportViewController.swift */; };
		A57CDD47F5C4D02082E99D60 /* Pods_RentalHubTests.framework in Frameworks */ = {isa = PBXBuildFile; fileRef = 0AC6AE6D7143FF0DCF82A287 /* Pods_RentalHubTests.framework */; };
		AB26410C2095ACA9C9837839 /* Pods_RentalHub.framework in Frameworks */ = {isa = PBXBuildFile; fileRef = 0C0A70DB1141B68A0647AE5C /* Pods_RentalHub.framework */; };
/* End PBXBuildFile section */

/* Begin PBXContainerItemProxy section */
		8F06122723C4D61C00C44843 /* PBXContainerItemProxy */ = {
			isa = PBXContainerItemProxy;
			containerPortal = 8F06120823C4D61A00C44843 /* Project object */;
			proxyType = 1;
			remoteGlobalIDString = 8F06120F23C4D61B00C44843;
			remoteInfo = RentalHub;
		};
/* End PBXContainerItemProxy section */

/* Begin PBXFileReference section */
		0AC6AE6D7143FF0DCF82A287 /* Pods_RentalHubTests.framework */ = {isa = PBXFileReference; explicitFileType = wrapper.framework; includeInIndex = 0; path = Pods_RentalHubTests.framework; sourceTree = BUILT_PRODUCTS_DIR; };
		0C0A70DB1141B68A0647AE5C /* Pods_RentalHub.framework */ = {isa = PBXFileReference; explicitFileType = wrapper.framework; includeInIndex = 0; path = Pods_RentalHub.framework; sourceTree = BUILT_PRODUCTS_DIR; };
		20DB48F5EE78C63FBCDBC73C /* Pods-RentalHubTests.release.xcconfig */ = {isa = PBXFileReference; includeInIndex = 1; lastKnownFileType = text.xcconfig; name = "Pods-RentalHubTests.release.xcconfig"; path = "Target Support Files/Pods-RentalHubTests/Pods-RentalHubTests.release.xcconfig"; sourceTree = "<group>"; };
		2BC0E21F6885AC9E14334C6B /* Pods-RentalHub.debug.xcconfig */ = {isa = PBXFileReference; includeInIndex = 1; lastKnownFileType = text.xcconfig; name = "Pods-RentalHub.debug.xcconfig"; path = "Target Support Files/Pods-RentalHub/Pods-RentalHub.debug.xcconfig"; sourceTree = "<group>"; };
		8F06121023C4D61B00C44843 /* RentalHub.app */ = {isa = PBXFileReference; explicitFileType = wrapper.application; includeInIndex = 0; path = RentalHub.app; sourceTree = BUILT_PRODUCTS_DIR; };
		8F06121323C4D61B00C44843 /* AppDelegate.swift */ = {isa = PBXFileReference; lastKnownFileType = sourcecode.swift; path = AppDelegate.swift; sourceTree = "<group>"; };
		8F06121523C4D61B00C44843 /* SceneDelegate.swift */ = {isa = PBXFileReference; lastKnownFileType = sourcecode.swift; path = SceneDelegate.swift; sourceTree = "<group>"; };
		8F06121723C4D61B00C44843 /* LandingViewController.swift */ = {isa = PBXFileReference; lastKnownFileType = sourcecode.swift; path = LandingViewController.swift; sourceTree = "<group>"; };
		8F06121A23C4D61B00C44843 /* Base */ = {isa = PBXFileReference; lastKnownFileType = file.storyboard; name = Base; path = Base.lproj/Main.storyboard; sourceTree = "<group>"; };
		8F06121C23C4D61C00C44843 /* Assets.xcassets */ = {isa = PBXFileReference; lastKnownFileType = folder.assetcatalog; path = Assets.xcassets; sourceTree = "<group>"; };
		8F06121F23C4D61C00C44843 /* Base */ = {isa = PBXFileReference; lastKnownFileType = file.storyboard; name = Base; path = Base.lproj/LaunchScreen.storyboard; sourceTree = "<group>"; };
		8F06122123C4D61C00C44843 /* Info.plist */ = {isa = PBXFileReference; lastKnownFileType = text.plist.xml; path = Info.plist; sourceTree = "<group>"; };
		8F06122623C4D61C00C44843 /* RentalHubTests.xctest */ = {isa = PBXFileReference; explicitFileType = wrapper.cfbundle; includeInIndex = 0; path = RentalHubTests.xctest; sourceTree = BUILT_PRODUCTS_DIR; };
		8F06122A23C4D61C00C44843 /* RentalHubTests.swift */ = {isa = PBXFileReference; lastKnownFileType = sourcecode.swift; path = RentalHubTests.swift; sourceTree = "<group>"; };
		8F06122C23C4D61C00C44843 /* Info.plist */ = {isa = PBXFileReference; lastKnownFileType = text.plist.xml; path = Info.plist; sourceTree = "<group>"; };
		8F06123523C4D67400C44843 /* GoogleService-Info.plist */ = {isa = PBXFileReference; fileEncoding = 4; lastKnownFileType = text.plist.xml; path = "GoogleService-Info.plist"; sourceTree = "<group>"; };
		8F32787E2424FC0C0002318C /* DocumentsViewController.swift */ = {isa = PBXFileReference; lastKnownFileType = sourcecode.swift; path = DocumentsViewController.swift; sourceTree = "<group>"; };
		8F327883242510A00002318C /* Report.swift */ = {isa = PBXFileReference; lastKnownFileType = sourcecode.swift; path = Report.swift; sourceTree = "<group>"; };
		8F3722A724623E5100E26DAF /* FullDocumentViewController.swift */ = {isa = PBXFileReference; lastKnownFileType = sourcecode.swift; path = FullDocumentViewController.swift; sourceTree = "<group>"; };
		8F3722A92468F29800E26DAF /* SignedDocumentViewController.swift */ = {isa = PBXFileReference; lastKnownFileType = sourcecode.swift; path = SignedDocumentViewController.swift; sourceTree = "<group>"; };
		8F37A78D24041864007EFA33 /* Utilities.swift */ = {isa = PBXFileReference; lastKnownFileType = sourcecode.swift; path = Utilities.swift; sourceTree = "<group>"; };
		8F37C5AB24069A22006FAAEA /* ReportViewController.swift */ = {isa = PBXFileReference; lastKnownFileType = sourcecode.swift; path = ReportViewController.swift; sourceTree = "<group>"; };
		8F5E508F24474D9E001AFAE1 /* Property.swift */ = {isa = PBXFileReference; lastKnownFileType = sourcecode.swift; path = Property.swift; sourceTree = "<group>"; };
		8F5E50912447538D001AFAE1 /* ReportCell.swift */ = {isa = PBXFileReference; lastKnownFileType = sourcecode.swift; path = ReportCell.swift; sourceTree = "<group>"; };
		8F5E50932449D63E001AFAE1 /* CreatePropertyViewController.swift */ = {isa = PBXFileReference; lastKnownFileType = sourcecode.swift; path = CreatePropertyViewController.swift; sourceTree = "<group>"; };
		8F5E5095244BB375001AFAE1 /* UpdatePasswordViewController.swift */ = {isa = PBXFileReference; lastKnownFileType = sourcecode.swift; path = UpdatePasswordViewController.swift; sourceTree = "<group>"; };
		8F5E5097244CE304001AFAE1 /* FullPropertyViewController.swift */ = {isa = PBXFileReference; lastKnownFileType = sourcecode.swift; path = FullPropertyViewController.swift; sourceTree = "<group>"; };
		8F5E5099244CF0C6001AFAE1 /* Request.swift */ = {isa = PBXFileReference; lastKnownFileType = sourcecode.swift; path = Request.swift; sourceTree = "<group>"; };
		8F6E81762404276F002D93AE /* Constants.swift */ = {isa = PBXFileReference; lastKnownFileType = sourcecode.swift; path = Constants.swift; sourceTree = "<group>"; };
		8F9C4D71243270CB00481C2B /* AccountViewController.swift */ = {isa = PBXFileReference; lastKnownFileType = sourcecode.swift; path = AccountViewController.swift; sourceTree = "<group>"; };
		8F9C4D732432BEB800481C2B /* PropertyViewController.swift */ = {isa = PBXFileReference; lastKnownFileType = sourcecode.swift; path = PropertyViewController.swift; sourceTree = "<group>"; };
		8F9D18AA23FBFB850071FC15 /* SignUpViewController.swift */ = {isa = PBXFileReference; lastKnownFileType = sourcecode.swift; path = SignUpViewController.swift; sourceTree = "<group>"; };
		8F9D18AC23FBFB900071FC15 /* LoginViewController.swift */ = {isa = PBXFileReference; lastKnownFileType = sourcecode.swift; path = LoginViewController.swift; sourceTree = "<group>"; };
		8F9D18AE23FBFB9C0071FC15 /* HomeViewController.swift */ = {isa = PBXFileReference; lastKnownFileType = sourcecode.swift; path = HomeViewController.swift; sourceTree = "<group>"; };
		8FBAA42D245B28D400B68373 /* RequestViewController.swift */ = {isa = PBXFileReference; lastKnownFileType = sourcecode.swift; path = RequestViewController.swift; sourceTree = "<group>"; };
		8FBAA42F245DC78200B68373 /* Tenant.swift */ = {isa = PBXFileReference; lastKnownFileType = sourcecode.swift; path = Tenant.swift; sourceTree = "<group>"; };
		8FBAA431245F81DB00B68373 /* AddDocumentViewController.swift */ = {isa = PBXFileReference; lastKnownFileType = sourcecode.swift; path = AddDocumentViewController.swift; sourceTree = "<group>"; };
		8FBAA43324608B2700B68373 /* Document.swift */ = {isa = PBXFileReference; lastKnownFileType = sourcecode.swift; path = Document.swift; sourceTree = "<group>"; };
		8FBAA4352460C07F00B68373 /* ViewDocumentViewController.swift */ = {isa = PBXFileReference; lastKnownFileType = sourcecode.swift; path = ViewDocumentViewController.swift; sourceTree = "<group>"; };
		8FC4B829242944F50055E13B /* FullReportViewController.swift */ = {isa = PBXFileReference; lastKnownFileType = sourcecode.swift; path = FullReportViewController.swift; sourceTree = "<group>"; };
		A052D655000B804148BF6374 /* Pods-RentalHubTests.debug.xcconfig */ = {isa = PBXFileReference; includeInIndex = 1; lastKnownFileType = text.xcconfig; name = "Pods-RentalHubTests.debug.xcconfig"; path = "Target Support Files/Pods-RentalHubTests/Pods-RentalHubTests.debug.xcconfig"; sourceTree = "<group>"; };
		B3C808E3DC8C7185D757C7DB /* Pods-RentalHub.release.xcconfig */ = {isa = PBXFileReference; includeInIndex = 1; lastKnownFileType = text.xcconfig; name = "Pods-RentalHub.release.xcconfig"; path = "Target Support Files/Pods-RentalHub/Pods-RentalHub.release.xcconfig"; sourceTree = "<group>"; };
/* End PBXFileReference section */

/* Begin PBXFrameworksBuildPhase section */
		8F06120D23C4D61B00C44843 /* Frameworks */ = {
			isa = PBXFrameworksBuildPhase;
			buildActionMask = 2147483647;
			files = (
				AB26410C2095ACA9C9837839 /* Pods_RentalHub.framework in Frameworks */,
			);
			runOnlyForDeploymentPostprocessing = 0;
		};
		8F06122323C4D61C00C44843 /* Frameworks */ = {
			isa = PBXFrameworksBuildPhase;
			buildActionMask = 2147483647;
			files = (
				A57CDD47F5C4D02082E99D60 /* Pods_RentalHubTests.framework in Frameworks */,
			);
			runOnlyForDeploymentPostprocessing = 0;
		};
/* End PBXFrameworksBuildPhase section */

/* Begin PBXGroup section */
		451713DC4B346F3B63548AD9 /* Pods */ = {
			isa = PBXGroup;
			children = (
				2BC0E21F6885AC9E14334C6B /* Pods-RentalHub.debug.xcconfig */,
				B3C808E3DC8C7185D757C7DB /* Pods-RentalHub.release.xcconfig */,
				A052D655000B804148BF6374 /* Pods-RentalHubTests.debug.xcconfig */,
				20DB48F5EE78C63FBCDBC73C /* Pods-RentalHubTests.release.xcconfig */,
			);
			path = Pods;
			sourceTree = "<group>";
		};
		8F06120723C4D61A00C44843 = {
			isa = PBXGroup;
			children = (
				8F06121223C4D61B00C44843 /* RentalHub */,
				8F06122923C4D61C00C44843 /* RentalHubTests */,
				8F06121123C4D61B00C44843 /* Products */,
				451713DC4B346F3B63548AD9 /* Pods */,
				AD3675598C8E7593B4AA57CB /* Frameworks */,
			);
			sourceTree = "<group>";
		};
		8F06121123C4D61B00C44843 /* Products */ = {
			isa = PBXGroup;
			children = (
				8F06121023C4D61B00C44843 /* RentalHub.app */,
				8F06122623C4D61C00C44843 /* RentalHubTests.xctest */,
			);
			name = Products;
			sourceTree = "<group>";
		};
		8F06121223C4D61B00C44843 /* RentalHub */ = {
			isa = PBXGroup;
			children = (
				8F3278822425108A0002318C /* Model */,
				8F9D18B023FBFBA60071FC15 /* View Controllers */,
				8F06123523C4D67400C44843 /* GoogleService-Info.plist */,
				8F06121323C4D61B00C44843 /* AppDelegate.swift */,
				8F06121523C4D61B00C44843 /* SceneDelegate.swift */,
				8F06121923C4D61B00C44843 /* Main.storyboard */,
				8F06121C23C4D61C00C44843 /* Assets.xcassets */,
				8F06121E23C4D61C00C44843 /* LaunchScreen.storyboard */,
				8F06122123C4D61C00C44843 /* Info.plist */,
				8F37A78D24041864007EFA33 /* Utilities.swift */,
				8F6E81762404276F002D93AE /* Constants.swift */,
			);
			path = RentalHub;
			sourceTree = "<group>";
		};
		8F06122923C4D61C00C44843 /* RentalHubTests */ = {
			isa = PBXGroup;
			children = (
				8F06122A23C4D61C00C44843 /* RentalHubTests.swift */,
				8F06122C23C4D61C00C44843 /* Info.plist */,
			);
			path = RentalHubTests;
			sourceTree = "<group>";
		};
		8F3278822425108A0002318C /* Model */ = {
			isa = PBXGroup;
			children = (
				8F327883242510A00002318C /* Report.swift */,
				8F5E508F24474D9E001AFAE1 /* Property.swift */,
				8F5E50912447538D001AFAE1 /* ReportCell.swift */,
				8F5E5099244CF0C6001AFAE1 /* Request.swift */,
				8FBAA42F245DC78200B68373 /* Tenant.swift */,
				8FBAA43324608B2700B68373 /* Document.swift */,
			);
			path = Model;
			sourceTree = "<group>";
		};
		8F9D18B023FBFBA60071FC15 /* View Controllers */ = {
			isa = PBXGroup;
			children = (
				8F9D18AA23FBFB850071FC15 /* SignUpViewController.swift */,
				8F9D18AC23FBFB900071FC15 /* LoginViewController.swift */,
				8F9D18AE23FBFB9C0071FC15 /* HomeViewController.swift */,
				8F37C5AB24069A22006FAAEA /* ReportViewController.swift */,
				8F32787E2424FC0C0002318C /* DocumentsViewController.swift */,
				8F06121723C4D61B00C44843 /* LandingViewController.swift */,
				8FC4B829242944F50055E13B /* FullReportViewController.swift */,
				8F9C4D71243270CB00481C2B /* AccountViewController.swift */,
				8F9C4D732432BEB800481C2B /* PropertyViewController.swift */,
				8F5E50932449D63E001AFAE1 /* CreatePropertyViewController.swift */,
				8F5E5095244BB375001AFAE1 /* UpdatePasswordViewController.swift */,
				8F5E5097244CE304001AFAE1 /* FullPropertyViewController.swift */,
				8FBAA42D245B28D400B68373 /* RequestViewController.swift */,
				8FBAA431245F81DB00B68373 /* AddDocumentViewController.swift */,
				8FBAA4352460C07F00B68373 /* ViewDocumentViewController.swift */,
				8F3722A724623E5100E26DAF /* FullDocumentViewController.swift */,
				8F3722A92468F29800E26DAF /* SignedDocumentViewController.swift */,
			);
			path = "View Controllers";
			sourceTree = "<group>";
		};
		AD3675598C8E7593B4AA57CB /* Frameworks */ = {
			isa = PBXGroup;
			children = (
				0C0A70DB1141B68A0647AE5C /* Pods_RentalHub.framework */,
				0AC6AE6D7143FF0DCF82A287 /* Pods_RentalHubTests.framework */,
			);
			name = Frameworks;
			sourceTree = "<group>";
		};
/* End PBXGroup section */

/* Begin PBXNativeTarget section */
		8F06120F23C4D61B00C44843 /* RentalHub */ = {
			isa = PBXNativeTarget;
			buildConfigurationList = 8F06122F23C4D61C00C44843 /* Build configuration list for PBXNativeTarget "RentalHub" */;
			buildPhases = (
				48EF8E914F60CBC2BD8F162E /* [CP] Check Pods Manifest.lock */,
				8F06120C23C4D61B00C44843 /* Sources */,
				8F06120D23C4D61B00C44843 /* Frameworks */,
				8F06120E23C4D61B00C44843 /* Resources */,
				0B365735D0D3B0039508BF59 /* [CP] Embed Pods Frameworks */,
			);
			buildRules = (
			);
			dependencies = (
			);
			name = RentalHub;
			productName = RentalHub;
			productReference = 8F06121023C4D61B00C44843 /* RentalHub.app */;
			productType = "com.apple.product-type.application";
		};
		8F06122523C4D61C00C44843 /* RentalHubTests */ = {
			isa = PBXNativeTarget;
			buildConfigurationList = 8F06123223C4D61C00C44843 /* Build configuration list for PBXNativeTarget "RentalHubTests" */;
			buildPhases = (
				A4CB558568CC8DED7AB4B7DE /* [CP] Check Pods Manifest.lock */,
				8F06122223C4D61C00C44843 /* Sources */,
				8F06122323C4D61C00C44843 /* Frameworks */,
				8F06122423C4D61C00C44843 /* Resources */,
				20727DE2079443BE20B351B3 /* [CP] Embed Pods Frameworks */,
			);
			buildRules = (
			);
			dependencies = (
				8F06122823C4D61C00C44843 /* PBXTargetDependency */,
			);
			name = RentalHubTests;
			productName = RentalHubTests;
			productReference = 8F06122623C4D61C00C44843 /* RentalHubTests.xctest */;
			productType = "com.apple.product-type.bundle.unit-test";
		};
/* End PBXNativeTarget section */

/* Begin PBXProject section */
		8F06120823C4D61A00C44843 /* Project object */ = {
			isa = PBXProject;
			attributes = {
				LastSwiftUpdateCheck = 1120;
				LastUpgradeCheck = 1120;
				ORGANIZATIONNAME = "Ben Martin";
				TargetAttributes = {
					8F06120F23C4D61B00C44843 = {
						CreatedOnToolsVersion = 11.2.1;
					};
					8F06122523C4D61C00C44843 = {
						CreatedOnToolsVersion = 11.2.1;
						TestTargetID = 8F06120F23C4D61B00C44843;
					};
				};
			};
			buildConfigurationList = 8F06120B23C4D61A00C44843 /* Build configuration list for PBXProject "RentalHub" */;
			compatibilityVersion = "Xcode 9.3";
			developmentRegion = en;
			hasScannedForEncodings = 0;
			knownRegions = (
				en,
				Base,
			);
			mainGroup = 8F06120723C4D61A00C44843;
			productRefGroup = 8F06121123C4D61B00C44843 /* Products */;
			projectDirPath = "";
			projectRoot = "";
			targets = (
				8F06120F23C4D61B00C44843 /* RentalHub */,
				8F06122523C4D61C00C44843 /* RentalHubTests */,
			);
		};
/* End PBXProject section */

/* Begin PBXResourcesBuildPhase section */
		8F06120E23C4D61B00C44843 /* Resources */ = {
			isa = PBXResourcesBuildPhase;
			buildActionMask = 2147483647;
			files = (
				8F06122023C4D61C00C44843 /* LaunchScreen.storyboard in Resources */,
				8F06121D23C4D61C00C44843 /* Assets.xcassets in Resources */,
				8F06123623C4D67400C44843 /* GoogleService-Info.plist in Resources */,
				8F06121B23C4D61B00C44843 /* Main.storyboard in Resources */,
			);
			runOnlyForDeploymentPostprocessing = 0;
		};
		8F06122423C4D61C00C44843 /* Resources */ = {
			isa = PBXResourcesBuildPhase;
			buildActionMask = 2147483647;
			files = (
				8F06123723C4D67400C44843 /* GoogleService-Info.plist in Resources */,
			);
			runOnlyForDeploymentPostprocessing = 0;
		};
/* End PBXResourcesBuildPhase section */

/* Begin PBXShellScriptBuildPhase section */
		0B365735D0D3B0039508BF59 /* [CP] Embed Pods Frameworks */ = {
			isa = PBXShellScriptBuildPhase;
			buildActionMask = 2147483647;
			files = (
			);
			inputFileListPaths = (
				"${PODS_ROOT}/Target Support Files/Pods-RentalHub/Pods-RentalHub-frameworks-${CONFIGURATION}-input-files.xcfilelist",
			);
			name = "[CP] Embed Pods Frameworks";
			outputFileListPaths = (
				"${PODS_ROOT}/Target Support Files/Pods-RentalHub/Pods-RentalHub-frameworks-${CONFIGURATION}-output-files.xcfilelist",
			);
			runOnlyForDeploymentPostprocessing = 0;
			shellPath = /bin/sh;
			shellScript = "\"${PODS_ROOT}/Target Support Files/Pods-RentalHub/Pods-RentalHub-frameworks.sh\"\n";
			showEnvVarsInLog = 0;
		};
		20727DE2079443BE20B351B3 /* [CP] Embed Pods Frameworks */ = {
			isa = PBXShellScriptBuildPhase;
			buildActionMask = 2147483647;
			files = (
			);
			inputFileListPaths = (
				"${PODS_ROOT}/Target Support Files/Pods-RentalHubTests/Pods-RentalHubTests-frameworks-${CONFIGURATION}-input-files.xcfilelist",
			);
			name = "[CP] Embed Pods Frameworks";
			outputFileListPaths = (
				"${PODS_ROOT}/Target Support Files/Pods-RentalHubTests/Pods-RentalHubTests-frameworks-${CONFIGURATION}-output-files.xcfilelist",
			);
			runOnlyForDeploymentPostprocessing = 0;
			shellPath = /bin/sh;
			shellScript = "\"${PODS_ROOT}/Target Support Files/Pods-RentalHubTests/Pods-RentalHubTests-frameworks.sh\"\n";
			showEnvVarsInLog = 0;
		};
		48EF8E914F60CBC2BD8F162E /* [CP] Check Pods Manifest.lock */ = {
			isa = PBXShellScriptBuildPhase;
			buildActionMask = 2147483647;
			files = (
			);
			inputFileListPaths = (
			);
			inputPaths = (
				"${PODS_PODFILE_DIR_PATH}/Podfile.lock",
				"${PODS_ROOT}/Manifest.lock",
			);
			name = "[CP] Check Pods Manifest.lock";
			outputFileListPaths = (
			);
			outputPaths = (
				"$(DERIVED_FILE_DIR)/Pods-RentalHub-checkManifestLockResult.txt",
			);
			runOnlyForDeploymentPostprocessing = 0;
			shellPath = /bin/sh;
			shellScript = "diff \"${PODS_PODFILE_DIR_PATH}/Podfile.lock\" \"${PODS_ROOT}/Manifest.lock\" > /dev/null\nif [ $? != 0 ] ; then\n    # print error to STDERR\n    echo \"error: The sandbox is not in sync with the Podfile.lock. Run 'pod install' or update your CocoaPods installation.\" >&2\n    exit 1\nfi\n# This output is used by Xcode 'outputs' to avoid re-running this script phase.\necho \"SUCCESS\" > \"${SCRIPT_OUTPUT_FILE_0}\"\n";
			showEnvVarsInLog = 0;
		};
		A4CB558568CC8DED7AB4B7DE /* [CP] Check Pods Manifest.lock */ = {
			isa = PBXShellScriptBuildPhase;
			buildActionMask = 2147483647;
			files = (
			);
			inputFileListPaths = (
			);
			inputPaths = (
				"${PODS_PODFILE_DIR_PATH}/Podfile.lock",
				"${PODS_ROOT}/Manifest.lock",
			);
			name = "[CP] Check Pods Manifest.lock";
			outputFileListPaths = (
			);
			outputPaths = (
				"$(DERIVED_FILE_DIR)/Pods-RentalHubTests-checkManifestLockResult.txt",
			);
			runOnlyForDeploymentPostprocessing = 0;
			shellPath = /bin/sh;
			shellScript = "diff \"${PODS_PODFILE_DIR_PATH}/Podfile.lock\" \"${PODS_ROOT}/Manifest.lock\" > /dev/null\nif [ $? != 0 ] ; then\n    # print error to STDERR\n    echo \"error: The sandbox is not in sync with the Podfile.lock. Run 'pod install' or update your CocoaPods installation.\" >&2\n    exit 1\nfi\n# This output is used by Xcode 'outputs' to avoid re-running this script phase.\necho \"SUCCESS\" > \"${SCRIPT_OUTPUT_FILE_0}\"\n";
			showEnvVarsInLog = 0;
		};
/* End PBXShellScriptBuildPhase section */

/* Begin PBXSourcesBuildPhase section */
		8F06120C23C4D61B00C44843 /* Sources */ = {
			isa = PBXSourcesBuildPhase;
			buildActionMask = 2147483647;
			files = (
				8F5E509024474D9E001AFAE1 /* Property.swift in Sources */,
				8F9D18AD23FBFB900071FC15 /* LoginViewController.swift in Sources */,
				8FBAA4362460C07F00B68373 /* ViewDocumentViewController.swift in Sources */,
				8FBAA42E245B28D400B68373 /* RequestViewController.swift in Sources */,
				8F5E5096244BB375001AFAE1 /* UpdatePasswordViewController.swift in Sources */,
				8F06121823C4D61B00C44843 /* LandingViewController.swift in Sources */,
				8F9C4D72243270CB00481C2B /* AccountViewController.swift in Sources */,
				8F06121423C4D61B00C44843 /* AppDelegate.swift in Sources */,
				8F3722AA2468F29800E26DAF /* SignedDocumentViewController.swift in Sources */,
				8FC4B82A242944F50055E13B /* FullReportViewController.swift in Sources */,
				8FBAA43424608B2700B68373 /* Document.swift in Sources */,
				8F5E5098244CE304001AFAE1 /* FullPropertyViewController.swift in Sources */,
				8F06121623C4D61B00C44843 /* SceneDelegate.swift in Sources */,
				8F5E50922447538D001AFAE1 /* ReportCell.swift in Sources */,
				8F9D18AF23FBFB9C0071FC15 /* HomeViewController.swift in Sources */,
				8F3722A824623E5100E26DAF /* FullDocumentViewController.swift in Sources */,
				8F9C4D742432BEB800481C2B /* PropertyViewController.swift in Sources */,
				8F32787F2424FC0C0002318C /* DocumentsViewController.swift in Sources */,
				8FBAA432245F81DB00B68373 /* AddDocumentViewController.swift in Sources */,
				8F37C5AC24069A22006FAAEA /* ReportViewController.swift in Sources */,
				8F37A78E24041864007EFA33 /* Utilities.swift in Sources */,
				8F5E50942449D63E001AFAE1 /* CreatePropertyViewController.swift in Sources */,
				8F9D18AB23FBFB850071FC15 /* SignUpViewController.swift in Sources */,
				8F5E509A244CF0C6001AFAE1 /* Request.swift in Sources */,
				8F6E81772404276F002D93AE /* Constants.swift in Sources */,
				8FBAA430245DC78200B68373 /* Tenant.swift in Sources */,
				8F327884242510A00002318C /* Report.swift in Sources */,
			);
			runOnlyForDeploymentPostprocessing = 0;
		};
		8F06122223C4D61C00C44843 /* Sources */ = {
			isa = PBXSourcesBuildPhase;
			buildActionMask = 2147483647;
			files = (
				8F06122B23C4D61C00C44843 /* RentalHubTests.swift in Sources */,
			);
			runOnlyForDeploymentPostprocessing = 0;
		};
/* End PBXSourcesBuildPhase section */

/* Begin PBXTargetDependency section */
		8F06122823C4D61C00C44843 /* PBXTargetDependency */ = {
			isa = PBXTargetDependency;
			target = 8F06120F23C4D61B00C44843 /* RentalHub */;
			targetProxy = 8F06122723C4D61C00C44843 /* PBXContainerItemProxy */;
		};
/* End PBXTargetDependency section */

/* Begin PBXVariantGroup section */
		8F06121923C4D61B00C44843 /* Main.storyboard */ = {
			isa = PBXVariantGroup;
			children = (
				8F06121A23C4D61B00C44843 /* Base */,
			);
			name = Main.storyboard;
			sourceTree = "<group>";
		};
		8F06121E23C4D61C00C44843 /* LaunchScreen.storyboard */ = {
			isa = PBXVariantGroup;
			children = (
				8F06121F23C4D61C00C44843 /* Base */,
			);
			name = LaunchScreen.storyboard;
			sourceTree = "<group>";
		};
/* End PBXVariantGroup section */

/* Begin XCBuildConfiguration section */
		8F06122D23C4D61C00C44843 /* Debug */ = {
			isa = XCBuildConfiguration;
			buildSettings = {
				ALWAYS_SEARCH_USER_PATHS = NO;
				CLANG_ANALYZER_NONNULL = YES;
				CLANG_ANALYZER_NUMBER_OBJECT_CONVERSION = YES_AGGRESSIVE;
				CLANG_CXX_LANGUAGE_STANDARD = "gnu++14";
				CLANG_CXX_LIBRARY = "libc++";
				CLANG_ENABLE_MODULES = YES;
				CLANG_ENABLE_OBJC_ARC = YES;
				CLANG_ENABLE_OBJC_WEAK = YES;
				CLANG_WARN_BLOCK_CAPTURE_AUTORELEASING = YES;
				CLANG_WARN_BOOL_CONVERSION = YES;
				CLANG_WARN_COMMA = YES;
				CLANG_WARN_CONSTANT_CONVERSION = YES;
				CLANG_WARN_DEPRECATED_OBJC_IMPLEMENTATIONS = YES;
				CLANG_WARN_DIRECT_OBJC_ISA_USAGE = YES_ERROR;
				CLANG_WARN_DOCUMENTATION_COMMENTS = YES;
				CLANG_WARN_EMPTY_BODY = YES;
				CLANG_WARN_ENUM_CONVERSION = YES;
				CLANG_WARN_INFINITE_RECURSION = YES;
				CLANG_WARN_INT_CONVERSION = YES;
				CLANG_WARN_NON_LITERAL_NULL_CONVERSION = YES;
				CLANG_WARN_OBJC_IMPLICIT_RETAIN_SELF = YES;
				CLANG_WARN_OBJC_LITERAL_CONVERSION = YES;
				CLANG_WARN_OBJC_ROOT_CLASS = YES_ERROR;
				CLANG_WARN_RANGE_LOOP_ANALYSIS = YES;
				CLANG_WARN_STRICT_PROTOTYPES = YES;
				CLANG_WARN_SUSPICIOUS_MOVE = YES;
				CLANG_WARN_UNGUARDED_AVAILABILITY = YES_AGGRESSIVE;
				CLANG_WARN_UNREACHABLE_CODE = YES;
				CLANG_WARN__DUPLICATE_METHOD_MATCH = YES;
				COPY_PHASE_STRIP = NO;
				DEBUG_INFORMATION_FORMAT = dwarf;
				ENABLE_STRICT_OBJC_MSGSEND = YES;
				ENABLE_TESTABILITY = YES;
				GCC_C_LANGUAGE_STANDARD = gnu11;
				GCC_DYNAMIC_NO_PIC = NO;
				GCC_NO_COMMON_BLOCKS = YES;
				GCC_OPTIMIZATION_LEVEL = 0;
				GCC_PREPROCESSOR_DEFINITIONS = (
					"DEBUG=1",
					"$(inherited)",
				);
				GCC_WARN_64_TO_32_BIT_CONVERSION = YES;
				GCC_WARN_ABOUT_RETURN_TYPE = YES_ERROR;
				GCC_WARN_UNDECLARED_SELECTOR = YES;
				GCC_WARN_UNINITIALIZED_AUTOS = YES_AGGRESSIVE;
				GCC_WARN_UNUSED_FUNCTION = YES;
				GCC_WARN_UNUSED_VARIABLE = YES;
				IPHONEOS_DEPLOYMENT_TARGET = 13.2;
				MTL_ENABLE_DEBUG_INFO = INCLUDE_SOURCE;
				MTL_FAST_MATH = YES;
				ONLY_ACTIVE_ARCH = YES;
				SDKROOT = iphoneos;
				SWIFT_ACTIVE_COMPILATION_CONDITIONS = DEBUG;
				SWIFT_OPTIMIZATION_LEVEL = "-Onone";
			};
			name = Debug;
		};
		8F06122E23C4D61C00C44843 /* Release */ = {
			isa = XCBuildConfiguration;
			buildSettings = {
				ALWAYS_SEARCH_USER_PATHS = NO;
				CLANG_ANALYZER_NONNULL = YES;
				CLANG_ANALYZER_NUMBER_OBJECT_CONVERSION = YES_AGGRESSIVE;
				CLANG_CXX_LANGUAGE_STANDARD = "gnu++14";
				CLANG_CXX_LIBRARY = "libc++";
				CLANG_ENABLE_MODULES = YES;
				CLANG_ENABLE_OBJC_ARC = YES;
				CLANG_ENABLE_OBJC_WEAK = YES;
				CLANG_WARN_BLOCK_CAPTURE_AUTORELEASING = YES;
				CLANG_WARN_BOOL_CONVERSION = YES;
				CLANG_WARN_COMMA = YES;
				CLANG_WARN_CONSTANT_CONVERSION = YES;
				CLANG_WARN_DEPRECATED_OBJC_IMPLEMENTATIONS = YES;
				CLANG_WARN_DIRECT_OBJC_ISA_USAGE = YES_ERROR;
				CLANG_WARN_DOCUMENTATION_COMMENTS = YES;
				CLANG_WARN_EMPTY_BODY = YES;
				CLANG_WARN_ENUM_CONVERSION = YES;
				CLANG_WARN_INFINITE_RECURSION = YES;
				CLANG_WARN_INT_CONVERSION = YES;
				CLANG_WARN_NON_LITERAL_NULL_CONVERSION = YES;
				CLANG_WARN_OBJC_IMPLICIT_RETAIN_SELF = YES;
				CLANG_WARN_OBJC_LITERAL_CONVERSION = YES;
				CLANG_WARN_OBJC_ROOT_CLASS = YES_ERROR;
				CLANG_WARN_RANGE_LOOP_ANALYSIS = YES;
				CLANG_WARN_STRICT_PROTOTYPES = YES;
				CLANG_WARN_SUSPICIOUS_MOVE = YES;
				CLANG_WARN_UNGUARDED_AVAILABILITY = YES_AGGRESSIVE;
				CLANG_WARN_UNREACHABLE_CODE = YES;
				CLANG_WARN__DUPLICATE_METHOD_MATCH = YES;
				COPY_PHASE_STRIP = NO;
				DEBUG_INFORMATION_FORMAT = "dwarf-with-dsym";
				ENABLE_NS_ASSERTIONS = NO;
				ENABLE_STRICT_OBJC_MSGSEND = YES;
				GCC_C_LANGUAGE_STANDARD = gnu11;
				GCC_NO_COMMON_BLOCKS = YES;
				GCC_WARN_64_TO_32_BIT_CONVERSION = YES;
				GCC_WARN_ABOUT_RETURN_TYPE = YES_ERROR;
				GCC_WARN_UNDECLARED_SELECTOR = YES;
				GCC_WARN_UNINITIALIZED_AUTOS = YES_AGGRESSIVE;
				GCC_WARN_UNUSED_FUNCTION = YES;
				GCC_WARN_UNUSED_VARIABLE = YES;
				IPHONEOS_DEPLOYMENT_TARGET = 13.2;
				MTL_ENABLE_DEBUG_INFO = NO;
				MTL_FAST_MATH = YES;
				SDKROOT = iphoneos;
				SWIFT_COMPILATION_MODE = wholemodule;
				SWIFT_OPTIMIZATION_LEVEL = "-O";
				VALIDATE_PRODUCT = YES;
			};
			name = Release;
		};
		8F06123023C4D61C00C44843 /* Debug */ = {
			isa = XCBuildConfiguration;
			baseConfigurationReference = 2BC0E21F6885AC9E14334C6B /* Pods-RentalHub.debug.xcconfig */;
			buildSettings = {
				ASSETCATALOG_COMPILER_APPICON_NAME = AppIcon;
				CODE_SIGN_STYLE = Automatic;
				INFOPLIST_FILE = RentalHub/Info.plist;
				IPHONEOS_DEPLOYMENT_TARGET = 13.2;
				LD_RUNPATH_SEARCH_PATHS = (
					"$(inherited)",
					"@executable_path/Frameworks",
				);
				PRODUCT_BUNDLE_IDENTIFIER = martech.RentalHub;
				PRODUCT_NAME = "$(TARGET_NAME)";
				SWIFT_VERSION = 5.0;
				TARGETED_DEVICE_FAMILY = "1,2";
			};
			name = Debug;
		};
		8F06123123C4D61C00C44843 /* Release */ = {
			isa = XCBuildConfiguration;
			baseConfigurationReference = B3C808E3DC8C7185D757C7DB /* Pods-RentalHub.release.xcconfig */;
			buildSettings = {
				ASSETCATALOG_COMPILER_APPICON_NAME = AppIcon;
				CODE_SIGN_STYLE = Automatic;
				INFOPLIST_FILE = RentalHub/Info.plist;
				IPHONEOS_DEPLOYMENT_TARGET = 13.2;
				LD_RUNPATH_SEARCH_PATHS = (
					"$(inherited)",
					"@executable_path/Frameworks",
				);
				PRODUCT_BUNDLE_IDENTIFIER = martech.RentalHub;
				PRODUCT_NAME = "$(TARGET_NAME)";
				SWIFT_VERSION = 5.0;
				TARGETED_DEVICE_FAMILY = "1,2";
			};
			name = Release;
		};
		8F06123323C4D61C00C44843 /* Debug */ = {
			isa = XCBuildConfiguration;
			baseConfigurationReference = A052D655000B804148BF6374 /* Pods-RentalHubTests.debug.xcconfig */;
			buildSettings = {
				ALWAYS_EMBED_SWIFT_STANDARD_LIBRARIES = YES;
				BUNDLE_LOADER = "$(TEST_HOST)";
				CODE_SIGN_STYLE = Automatic;
				INFOPLIST_FILE = RentalHubTests/Info.plist;
				IPHONEOS_DEPLOYMENT_TARGET = 13.2;
				LD_RUNPATH_SEARCH_PATHS = (
					"$(inherited)",
					"@executable_path/Frameworks",
					"@loader_path/Frameworks",
				);
				PRODUCT_BUNDLE_IDENTIFIER = martech.RentalHubTests;
				PRODUCT_NAME = "$(TARGET_NAME)";
				SWIFT_VERSION = 5.0;
				TARGETED_DEVICE_FAMILY = "1,2";
				TEST_HOST = "$(BUILT_PRODUCTS_DIR)/RentalHub.app/RentalHub";
			};
			name = Debug;
		};
		8F06123423C4D61C00C44843 /* Release */ = {
			isa = XCBuildConfiguration;
			baseConfigurationReference = 20DB48F5EE78C63FBCDBC73C /* Pods-RentalHubTests.release.xcconfig */;
			buildSettings = {
				ALWAYS_EMBED_SWIFT_STANDARD_LIBRARIES = YES;
				BUNDLE_LOADER = "$(TEST_HOST)";
				CODE_SIGN_STYLE = Automatic;
				INFOPLIST_FILE = RentalHubTests/Info.plist;
				IPHONEOS_DEPLOYMENT_TARGET = 13.2;
				LD_RUNPATH_SEARCH_PATHS = (
					"$(inherited)",
					"@executable_path/Frameworks",
					"@loader_path/Frameworks",
				);
				PRODUCT_BUNDLE_IDENTIFIER = martech.RentalHubTests;
				PRODUCT_NAME = "$(TARGET_NAME)";
				SWIFT_VERSION = 5.0;
				TARGETED_DEVICE_FAMILY = "1,2";
				TEST_HOST = "$(BUILT_PRODUCTS_DIR)/RentalHub.app/RentalHub";
			};
			name = Release;
		};
/* End XCBuildConfiguration section */

/* Begin XCConfigurationList section */
		8F06120B23C4D61A00C44843 /* Build configuration list for PBXProject "RentalHub" */ = {
			isa = XCConfigurationList;
			buildConfigurations = (
				8F06122D23C4D61C00C44843 /* Debug */,
				8F06122E23C4D61C00C44843 /* Release */,
			);
			defaultConfigurationIsVisible = 0;
			defaultConfigurationName = Release;
		};
		8F06122F23C4D61C00C44843 /* Build configuration list for PBXNativeTarget "RentalHub" */ = {
			isa = XCConfigurationList;
			buildConfigurations = (
				8F06123023C4D61C00C44843 /* Debug */,
				8F06123123C4D61C00C44843 /* Release */,
			);
			defaultConfigurationIsVisible = 0;
			defaultConfigurationName = Release;
		};
		8F06123223C4D61C00C44843 /* Build configuration list for PBXNativeTarget "RentalHubTests" */ = {
			isa = XCConfigurationList;
			buildConfigurations = (
				8F06123323C4D61C00C44843 /* Debug */,
				8F06123423C4D61C00C44843 /* Release */,
			);
			defaultConfigurationIsVisible = 0;
			defaultConfigurationName = Release;
		};
/* End XCConfigurationList section */
	};
	rootObject = 8F06120823C4D61A00C44843 /* Project object */;
}
